
Microsoft Visual Studio Solution File, Format Version 12.00
Project("{FAE04EC0-301F-11D3-BF4B-00C04F79EFBC}") = "SubATE-WPF", "SubATE-WPF\SubATE-WPF.csproj", "{6F561620-707C-45ED-816C-8888A0C01C0A}"
EndProject
Project("{FAE04EC0-301F-11D3-BF4B-00C04F79EFBC}") = "Script", "Script\Script.csproj", "{24F6725C-DF70-4B64-B48A-852850D53E8A}"
EndProject
Global
	GlobalSection(SolutionConfigurationPlatforms) = preSolution
		Debug|Any CPU = Debug|Any CPU
		Release|Any CPU = Release|Any CPU
	EndGlobalSection
	GlobalSection(ProjectConfigurationPlatforms) = postSolution
		{6F561620-707C-45ED-816C-8888A0C01C0A}.Debug|Any CPU.ActiveCfg = Debug|Any CPU
		{6F561620-707C-45ED-816C-8888A0C01C0A}.Debug|Any CPU.Build.0 = Debug|Any CPU
		{6F561620-707C-45ED-816C-8888A0C01C0A}.Release|Any CPU.ActiveCfg = Release|Any CPU
		{6F561620-707C-45ED-816C-8888A0C01C0A}.Release|Any CPU.Build.0 = Release|Any CPU
		{24F6725C-DF70-4B64-B48A-852850D53E8A}.Debug|Any CPU.ActiveCfg = Debug|Any CPU
		{24F6725C-DF70-4B64-B48A-852850D53E8A}.Debug|Any CPU.Build.0 = Debug|Any CPU
		{24F6725C-DF70-4B64-B48A-852850D53E8A}.Release|Any CPU.ActiveCfg = Release|Any CPU
		{24F6725C-DF70-4B64-B48A-852850D53E8A}.Release|Any CPU.Build.0 = Release|Any CPU
	EndGlobalSection
EndGlobal
